
Microsoft Visual Studio Solution File, Format Version 12.00
Project("{2150E333-8FDC-42A3-9474-1A3956D46DE8}") = "src", "src", "{801F3E9A-19D8-4AD8-8DEF-1F25803F7645}"
EndProject
Project("{2150E333-8FDC-42A3-9474-1A3956D46DE8}") = "tests", "tests", "{1A413E6C-AB2F-4156-B679-26720A0102AF}"
EndProject
Project("{2150E333-8FDC-42A3-9474-1A3956D46DE8}") = "Web", "Web", "{BC4D3946-651E-44AA-98B3-83E15916F5EC}"
EndProject
Project("{2150E333-8FDC-42A3-9474-1A3956D46DE8}") = "Domain", "Domain", "{9D2895A3-20FE-4ADE-8412-E0BB5002C376}"
EndProject
Project("{2150E333-8FDC-42A3-9474-1A3956D46DE8}") = "Application", "Application", "{C9952364-11EB-48D7-B130-6DAAD2EBD881}"
EndProject
Project("{2150E333-8FDC-42A3-9474-1A3956D46DE8}") = "Services", "Services", "{D3E9D04F-E6E0-42C6-AA76-896C469D3243}"
EndProject
Project("{2150E333-8FDC-42A3-9474-1A3956D46DE8}") = "Presentation", "Presentation", "{5DC9B326-6947-4EA0-88D2-C283A825A0DF}"
EndProject
Project("{2150E333-8FDC-42A3-9474-1A3956D46DE8}") = "Shared", "Shared", "{A2419397-B1AB-4F42-9727-A95A519C777A}"
EndProject
Project("{2150E333-8FDC-42A3-9474-1A3956D46DE8}") = "Gateways", "Gateways", "{D14DF42E-C57F-4319-A57B-4E8B67166269}"
EndProject
Project("{2150E333-8FDC-42A3-9474-1A3956D46DE8}") = "Api", "Api", "{9350567B-2450-4B4C-BD96-0EB2790538AD}"
EndProject
Project("{2150E333-8FDC-42A3-9474-1A3956D46DE8}") = "Identity", "Identity", "{CB2AFEA5-0A7B-49F8-B042-D7AF3C0A4002}"
EndProject
Project("{2150E333-8FDC-42A3-9474-1A3956D46DE8}") = "Worker", "Worker", "{30EB7188-3F30-4145-9AC4-67C8DB258298}"
EndProject
Project("{2150E333-8FDC-42A3-9474-1A3956D46DE8}") = "Infrastructure", "Infrastructure", "{C3300D64-2FFA-430D-BD23-DC3459E625AE}"
EndProject
Project("{FAE04EC0-301F-11D3-BF4B-00C04F79EFBC}") = "HandmadeShop.Api", "src\Presentation\Api\HandmadeShop.Api\HandmadeShop.Api.csproj", "{B811F0FF-3716-4B1B-960B-0E2605026B48}"
EndProject
Project("{FAE04EC0-301F-11D3-BF4B-00C04F79EFBC}") = "HandmadeShop.Gateway", "src\Presentation\Gateways\HandmadeShop.Gateway\HandmadeShop.Gateway.csproj", "{73459E03-8936-42AB-888C-0188C4914457}"
EndProject
Project("{FAE04EC0-301F-11D3-BF4B-00C04F79EFBC}") = "HandmadeShop.Identity", "src\Presentation\Identity\HandmadeShop.Identity\HandmadeShop.Identity.csproj", "{97370645-2824-434F-9FD4-699C209E841B}"
EndProject
Project("{FAE04EC0-301F-11D3-BF4B-00C04F79EFBC}") = "HandmadeShop.Worker", "src\Presentation\Worker\HandmadeShop.Worker\HandmadeShop.Worker.csproj", "{E4C619DF-D9FE-4360-B876-129B98F5B088}"
EndProject
Project("{FAE04EC0-301F-11D3-BF4B-00C04F79EFBC}") = "HandmadeShop.Web", "src\Presentation\Web\HandmadeShop.Web\HandmadeShop.Web.csproj", "{961959AB-7A84-4AC9-B972-845DA0D9697F}"
EndProject
Project("{FAE04EC0-301F-11D3-BF4B-00C04F79EFBC}") = "HandmadeShop.Domain", "src\Domain\HandmadeShop.Domain\HandmadeShop.Domain.csproj", "{9E8CD35C-E925-470B-B094-119FA8194850}"
EndProject
Project("{2150E333-8FDC-42A3-9474-1A3956D46DE8}") = "Migrations", "Migrations", "{AB5B61CF-1D74-4E14-9DB0-42CE49954459}"
EndProject
Project("{FAE04EC0-301F-11D3-BF4B-00C04F79EFBC}") = "HandmadeShop.Context.Migrations.PgSql", "src\Infrastructure\Migrations\HandmadeShop.Context.Migrations.PgSql\HandmadeShop.Context.Migrations.PgSql.csproj", "{219B0A33-1294-4EB6-B235-60E8170191A6}"
EndProject
Project("{FAE04EC0-301F-11D3-BF4B-00C04F79EFBC}") = "HandmadeShop.Context.Migrations.MySql", "src\Infrastructure\Migrations\HandmadeShop.Context.Migrations.MySql\HandmadeShop.Context.Migrations.MySql.csproj", "{06A975DF-AEB2-47F4-92F0-25BC1D67F233}"
EndProject
Project("{FAE04EC0-301F-11D3-BF4B-00C04F79EFBC}") = "HandmadeShop.Context.Migrations.MSSQL", "src\Infrastructure\Migrations\HandmadeShop.Context.Migrations.MSSQL\HandmadeShop.Context.Migrations.MSSQL.csproj", "{D8053C5D-957A-4B5D-93EE-7893D005C01D}"
EndProject
Project("{FAE04EC0-301F-11D3-BF4B-00C04F79EFBC}") = "HandmadeShop.Context.Seeder", "src\Infrastructure\HandmadeShop.Context.Seeder\HandmadeShop.Context.Seeder.csproj", "{099E5F72-A017-4D90-8C0E-972E2DB69E16}"
EndProject
Project("{FAE04EC0-301F-11D3-BF4B-00C04F79EFBC}") = "HandmadeShop.Common", "src\Shared\HandmadeShop.Common\HandmadeShop.Common.csproj", "{1554183F-D3E6-4FF2-B7AA-693D4EB2B766}"
EndProject
Project("{FAE04EC0-301F-11D3-BF4B-00C04F79EFBC}") = "HandmadeShop.Services.Logger", "src\Services\HandmadeShop.Services.Logger\HandmadeShop.Services.Logger.csproj", "{FBE1A54B-1AFD-4A42-8EEF-8C134D0CDB93}"
EndProject
Project("{FAE04EC0-301F-11D3-BF4B-00C04F79EFBC}") = "HandmadeShop.Services.RabbitMq", "src\Services\HandmadeShop.Services.RabbitMq\HandmadeShop.Services.RabbitMq.csproj", "{DE97DBF8-2BB1-4E8A-8D2D-91F926A11482}"
EndProject
Project("{FAE04EC0-301F-11D3-BF4B-00C04F79EFBC}") = "HandmadeShop.Services.Settings", "src\Services\HandmadeShop.Services.Settings\HandmadeShop.Services.Settings.csproj", "{76EAE556-9F75-474D-9E07-D206668A11AC}"
EndProject
Project("{FAE04EC0-301F-11D3-BF4B-00C04F79EFBC}") = "HandmadeShop.Application", "src\Application\HandmadeShop.Application\HandmadeShop.Application.csproj", "{372842FD-F782-4B3C-997C-A2C49126F4B3}"
EndProject
Project("{FAE04EC0-301F-11D3-BF4B-00C04F79EFBC}") = "HandmadeShop.UseCase.Auth", "src\Application\HandmadeShop.UseCase.Auth\HandmadeShop.UseCase.Auth.csproj", "{71989A40-2712-429F-82CD-88783E71E216}"
EndProject
Project("{FAE04EC0-301F-11D3-BF4B-00C04F79EFBC}") = "HandmadeShop.Context", "src\Infrastructure\HandmadeShop.Context\HandmadeShop.Context.csproj", "{121328EB-B2A1-4010-8C71-707B93192595}"
EndProject
Project("{2150E333-8FDC-42A3-9474-1A3956D46DE8}") = "_docker", "_docker", "{73FACAC9-D1E8-4281-95E2-A036CAF2F4EE}"
	ProjectSection(SolutionItems) = preProject
		docker-compose.override.yml = docker-compose.override.yml
		docker-compose.yml = docker-compose.yml
		env.api = env.api
		env.identity = env.identity
	EndProjectSection
EndProject
Global
	GlobalSection(SolutionConfigurationPlatforms) = preSolution
		Debug|Any CPU = Debug|Any CPU
		Release|Any CPU = Release|Any CPU
	EndGlobalSection
	GlobalSection(NestedProjects) = preSolution
		{9D2895A3-20FE-4ADE-8412-E0BB5002C376} = {801F3E9A-19D8-4AD8-8DEF-1F25803F7645}
		{C9952364-11EB-48D7-B130-6DAAD2EBD881} = {801F3E9A-19D8-4AD8-8DEF-1F25803F7645}
		{D3E9D04F-E6E0-42C6-AA76-896C469D3243} = {801F3E9A-19D8-4AD8-8DEF-1F25803F7645}
		{5DC9B326-6947-4EA0-88D2-C283A825A0DF} = {801F3E9A-19D8-4AD8-8DEF-1F25803F7645}
		{A2419397-B1AB-4F42-9727-A95A519C777A} = {801F3E9A-19D8-4AD8-8DEF-1F25803F7645}
		{BC4D3946-651E-44AA-98B3-83E15916F5EC} = {5DC9B326-6947-4EA0-88D2-C283A825A0DF}
		{D14DF42E-C57F-4319-A57B-4E8B67166269} = {5DC9B326-6947-4EA0-88D2-C283A825A0DF}
		{9350567B-2450-4B4C-BD96-0EB2790538AD} = {5DC9B326-6947-4EA0-88D2-C283A825A0DF}
		{CB2AFEA5-0A7B-49F8-B042-D7AF3C0A4002} = {5DC9B326-6947-4EA0-88D2-C283A825A0DF}
		{30EB7188-3F30-4145-9AC4-67C8DB258298} = {5DC9B326-6947-4EA0-88D2-C283A825A0DF}
		{C3300D64-2FFA-430D-BD23-DC3459E625AE} = {801F3E9A-19D8-4AD8-8DEF-1F25803F7645}
		{B811F0FF-3716-4B1B-960B-0E2605026B48} = {9350567B-2450-4B4C-BD96-0EB2790538AD}
		{73459E03-8936-42AB-888C-0188C4914457} = {D14DF42E-C57F-4319-A57B-4E8B67166269}
		{97370645-2824-434F-9FD4-699C209E841B} = {CB2AFEA5-0A7B-49F8-B042-D7AF3C0A4002}
		{E4C619DF-D9FE-4360-B876-129B98F5B088} = {30EB7188-3F30-4145-9AC4-67C8DB258298}
		{961959AB-7A84-4AC9-B972-845DA0D9697F} = {BC4D3946-651E-44AA-98B3-83E15916F5EC}
		{9E8CD35C-E925-470B-B094-119FA8194850} = {9D2895A3-20FE-4ADE-8412-E0BB5002C376}
		{AB5B61CF-1D74-4E14-9DB0-42CE49954459} = {C3300D64-2FFA-430D-BD23-DC3459E625AE}
		{219B0A33-1294-4EB6-B235-60E8170191A6} = {AB5B61CF-1D74-4E14-9DB0-42CE49954459}
		{06A975DF-AEB2-47F4-92F0-25BC1D67F233} = {AB5B61CF-1D74-4E14-9DB0-42CE49954459}
		{D8053C5D-957A-4B5D-93EE-7893D005C01D} = {AB5B61CF-1D74-4E14-9DB0-42CE49954459}
		{099E5F72-A017-4D90-8C0E-972E2DB69E16} = {C3300D64-2FFA-430D-BD23-DC3459E625AE}
		{1554183F-D3E6-4FF2-B7AA-693D4EB2B766} = {A2419397-B1AB-4F42-9727-A95A519C777A}
		{FBE1A54B-1AFD-4A42-8EEF-8C134D0CDB93} = {D3E9D04F-E6E0-42C6-AA76-896C469D3243}
		{DE97DBF8-2BB1-4E8A-8D2D-91F926A11482} = {D3E9D04F-E6E0-42C6-AA76-896C469D3243}
		{76EAE556-9F75-474D-9E07-D206668A11AC} = {D3E9D04F-E6E0-42C6-AA76-896C469D3243}
		{372842FD-F782-4B3C-997C-A2C49126F4B3} = {C9952364-11EB-48D7-B130-6DAAD2EBD881}
		{71989A40-2712-429F-82CD-88783E71E216} = {C9952364-11EB-48D7-B130-6DAAD2EBD881}
		{121328EB-B2A1-4010-8C71-707B93192595} = {C3300D64-2FFA-430D-BD23-DC3459E625AE}
	EndGlobalSection
	GlobalSection(ProjectConfigurationPlatforms) = postSolution
		{B811F0FF-3716-4B1B-960B-0E2605026B48}.Debug|Any CPU.ActiveCfg = Debug|Any CPU
		{B811F0FF-3716-4B1B-960B-0E2605026B48}.Debug|Any CPU.Build.0 = Debug|Any CPU
		{B811F0FF-3716-4B1B-960B-0E2605026B48}.Release|Any CPU.ActiveCfg = Release|Any CPU
		{B811F0FF-3716-4B1B-960B-0E2605026B48}.Release|Any CPU.Build.0 = Release|Any CPU
		{73459E03-8936-42AB-888C-0188C4914457}.Debug|Any CPU.ActiveCfg = Debug|Any CPU
		{73459E03-8936-42AB-888C-0188C4914457}.Debug|Any CPU.Build.0 = Debug|Any CPU
		{73459E03-8936-42AB-888C-0188C4914457}.Release|Any CPU.ActiveCfg = Release|Any CPU
		{73459E03-8936-42AB-888C-0188C4914457}.Release|Any CPU.Build.0 = Release|Any CPU
		{97370645-2824-434F-9FD4-699C209E841B}.Debug|Any CPU.ActiveCfg = Debug|Any CPU
		{97370645-2824-434F-9FD4-699C209E841B}.Debug|Any CPU.Build.0 = Debug|Any CPU
		{97370645-2824-434F-9FD4-699C209E841B}.Release|Any CPU.ActiveCfg = Release|Any CPU
		{97370645-2824-434F-9FD4-699C209E841B}.Release|Any CPU.Build.0 = Release|Any CPU
		{E4C619DF-D9FE-4360-B876-129B98F5B088}.Debug|Any CPU.ActiveCfg = Debug|Any CPU
		{E4C619DF-D9FE-4360-B876-129B98F5B088}.Debug|Any CPU.Build.0 = Debug|Any CPU
		{E4C619DF-D9FE-4360-B876-129B98F5B088}.Release|Any CPU.ActiveCfg = Release|Any CPU
		{E4C619DF-D9FE-4360-B876-129B98F5B088}.Release|Any CPU.Build.0 = Release|Any CPU
		{961959AB-7A84-4AC9-B972-845DA0D9697F}.Debug|Any CPU.ActiveCfg = Debug|Any CPU
		{961959AB-7A84-4AC9-B972-845DA0D9697F}.Debug|Any CPU.Build.0 = Debug|Any CPU
		{961959AB-7A84-4AC9-B972-845DA0D9697F}.Release|Any CPU.ActiveCfg = Release|Any CPU
		{961959AB-7A84-4AC9-B972-845DA0D9697F}.Release|Any CPU.Build.0 = Release|Any CPU
		{9E8CD35C-E925-470B-B094-119FA8194850}.Debug|Any CPU.ActiveCfg = Debug|Any CPU
		{9E8CD35C-E925-470B-B094-119FA8194850}.Debug|Any CPU.Build.0 = Debug|Any CPU
		{9E8CD35C-E925-470B-B094-119FA8194850}.Release|Any CPU.ActiveCfg = Release|Any CPU
		{9E8CD35C-E925-470B-B094-119FA8194850}.Release|Any CPU.Build.0 = Release|Any CPU
		{219B0A33-1294-4EB6-B235-60E8170191A6}.Debug|Any CPU.ActiveCfg = Debug|Any CPU
		{219B0A33-1294-4EB6-B235-60E8170191A6}.Debug|Any CPU.Build.0 = Debug|Any CPU
		{219B0A33-1294-4EB6-B235-60E8170191A6}.Release|Any CPU.ActiveCfg = Release|Any CPU
		{219B0A33-1294-4EB6-B235-60E8170191A6}.Release|Any CPU.Build.0 = Release|Any CPU
		{06A975DF-AEB2-47F4-92F0-25BC1D67F233}.Debug|Any CPU.ActiveCfg = Debug|Any CPU
		{06A975DF-AEB2-47F4-92F0-25BC1D67F233}.Debug|Any CPU.Build.0 = Debug|Any CPU
		{06A975DF-AEB2-47F4-92F0-25BC1D67F233}.Release|Any CPU.ActiveCfg = Release|Any CPU
		{06A975DF-AEB2-47F4-92F0-25BC1D67F233}.Release|Any CPU.Build.0 = Release|Any CPU
		{D8053C5D-957A-4B5D-93EE-7893D005C01D}.Debug|Any CPU.ActiveCfg = Debug|Any CPU
		{D8053C5D-957A-4B5D-93EE-7893D005C01D}.Debug|Any CPU.Build.0 = Debug|Any CPU
		{D8053C5D-957A-4B5D-93EE-7893D005C01D}.Release|Any CPU.ActiveCfg = Release|Any CPU
		{D8053C5D-957A-4B5D-93EE-7893D005C01D}.Release|Any CPU.Build.0 = Release|Any CPU
		{099E5F72-A017-4D90-8C0E-972E2DB69E16}.Debug|Any CPU.ActiveCfg = Debug|Any CPU
		{099E5F72-A017-4D90-8C0E-972E2DB69E16}.Debug|Any CPU.Build.0 = Debug|Any CPU
		{099E5F72-A017-4D90-8C0E-972E2DB69E16}.Release|Any CPU.ActiveCfg = Release|Any CPU
		{099E5F72-A017-4D90-8C0E-972E2DB69E16}.Release|Any CPU.Build.0 = Release|Any CPU
		{1554183F-D3E6-4FF2-B7AA-693D4EB2B766}.Debug|Any CPU.ActiveCfg = Debug|Any CPU
		{1554183F-D3E6-4FF2-B7AA-693D4EB2B766}.Debug|Any CPU.Build.0 = Debug|Any CPU
		{1554183F-D3E6-4FF2-B7AA-693D4EB2B766}.Release|Any CPU.ActiveCfg = Release|Any CPU
		{1554183F-D3E6-4FF2-B7AA-693D4EB2B766}.Release|Any CPU.Build.0 = Release|Any CPU
		{FBE1A54B-1AFD-4A42-8EEF-8C134D0CDB93}.Debug|Any CPU.ActiveCfg = Debug|Any CPU
		{FBE1A54B-1AFD-4A42-8EEF-8C134D0CDB93}.Debug|Any CPU.Build.0 = Debug|Any CPU
		{FBE1A54B-1AFD-4A42-8EEF-8C134D0CDB93}.Release|Any CPU.ActiveCfg = Release|Any CPU
		{FBE1A54B-1AFD-4A42-8EEF-8C134D0CDB93}.Release|Any CPU.Build.0 = Release|Any CPU
		{DE97DBF8-2BB1-4E8A-8D2D-91F926A11482}.Debug|Any CPU.ActiveCfg = Debug|Any CPU
		{DE97DBF8-2BB1-4E8A-8D2D-91F926A11482}.Debug|Any CPU.Build.0 = Debug|Any CPU
		{DE97DBF8-2BB1-4E8A-8D2D-91F926A11482}.Release|Any CPU.ActiveCfg = Release|Any CPU
		{DE97DBF8-2BB1-4E8A-8D2D-91F926A11482}.Release|Any CPU.Build.0 = Release|Any CPU
		{76EAE556-9F75-474D-9E07-D206668A11AC}.Debug|Any CPU.ActiveCfg = Debug|Any CPU
		{76EAE556-9F75-474D-9E07-D206668A11AC}.Debug|Any CPU.Build.0 = Debug|Any CPU
		{76EAE556-9F75-474D-9E07-D206668A11AC}.Release|Any CPU.ActiveCfg = Release|Any CPU
		{76EAE556-9F75-474D-9E07-D206668A11AC}.Release|Any CPU.Build.0 = Release|Any CPU
		{372842FD-F782-4B3C-997C-A2C49126F4B3}.Debug|Any CPU.ActiveCfg = Debug|Any CPU
		{372842FD-F782-4B3C-997C-A2C49126F4B3}.Debug|Any CPU.Build.0 = Debug|Any CPU
		{372842FD-F782-4B3C-997C-A2C49126F4B3}.Release|Any CPU.ActiveCfg = Release|Any CPU
		{372842FD-F782-4B3C-997C-A2C49126F4B3}.Release|Any CPU.Build.0 = Release|Any CPU
		{71989A40-2712-429F-82CD-88783E71E216}.Debug|Any CPU.ActiveCfg = Debug|Any CPU
		{71989A40-2712-429F-82CD-88783E71E216}.Debug|Any CPU.Build.0 = Debug|Any CPU
		{71989A40-2712-429F-82CD-88783E71E216}.Release|Any CPU.ActiveCfg = Release|Any CPU
		{71989A40-2712-429F-82CD-88783E71E216}.Release|Any CPU.Build.0 = Release|Any CPU
		{121328EB-B2A1-4010-8C71-707B93192595}.Debug|Any CPU.ActiveCfg = Debug|Any CPU
		{121328EB-B2A1-4010-8C71-707B93192595}.Debug|Any CPU.Build.0 = Debug|Any CPU
		{121328EB-B2A1-4010-8C71-707B93192595}.Release|Any CPU.ActiveCfg = Release|Any CPU
		{121328EB-B2A1-4010-8C71-707B93192595}.Release|Any CPU.Build.0 = Release|Any CPU
	EndGlobalSection
EndGlobal
