
Microsoft Visual Studio Solution File, Format Version 12.00
Project("{2150E333-8FDC-42A3-9474-1A3956D46DE8}") = "src", "src", "{801F3E9A-19D8-4AD8-8DEF-1F25803F7645}"
EndProject
Project("{2150E333-8FDC-42A3-9474-1A3956D46DE8}") = "tests", "tests", "{1A413E6C-AB2F-4156-B679-26720A0102AF}"
EndProject
Project("{2150E333-8FDC-42A3-9474-1A3956D46DE8}") = "Web", "Web", "{BC4D3946-651E-44AA-98B3-83E15916F5EC}"
EndProject
Project("{2150E333-8FDC-42A3-9474-1A3956D46DE8}") = "Domain", "Domain", "{9D2895A3-20FE-4ADE-8412-E0BB5002C376}"
EndProject
Project("{2150E333-8FDC-42A3-9474-1A3956D46DE8}") = "Application", "Application", "{C9952364-11EB-48D7-B130-6DAAD2EBD881}"
EndProject
Project("{2150E333-8FDC-42A3-9474-1A3956D46DE8}") = "Services", "Services", "{D3E9D04F-E6E0-42C6-AA76-896C469D3243}"
EndProject
Project("{2150E333-8FDC-42A3-9474-1A3956D46DE8}") = "Presentation", "Presentation", "{5DC9B326-6947-4EA0-88D2-C283A825A0DF}"
EndProject
Project("{2150E333-8FDC-42A3-9474-1A3956D46DE8}") = "Shared", "Shared", "{A2419397-B1AB-4F42-9727-A95A519C777A}"
EndProject
Project("{2150E333-8FDC-42A3-9474-1A3956D46DE8}") = "Gateways", "Gateways", "{D14DF42E-C57F-4319-A57B-4E8B67166269}"
EndProject
Project("{2150E333-8FDC-42A3-9474-1A3956D46DE8}") = "Api", "Api", "{9350567B-2450-4B4C-BD96-0EB2790538AD}"
EndProject
Project("{2150E333-8FDC-42A3-9474-1A3956D46DE8}") = "Identity", "Identity", "{CB2AFEA5-0A7B-49F8-B042-D7AF3C0A4002}"
EndProject
Project("{2150E333-8FDC-42A3-9474-1A3956D46DE8}") = "Worker", "Worker", "{30EB7188-3F30-4145-9AC4-67C8DB258298}"
EndProject
Project("{2150E333-8FDC-42A3-9474-1A3956D46DE8}") = "Infrastructure", "Infrastructure", "{C3300D64-2FFA-430D-BD23-DC3459E625AE}"
EndProject
Project("{FAE04EC0-301F-11D3-BF4B-00C04F79EFBC}") = "HandmadeShop.Api", "src\Presentation\Api\HandmadeShop.Api\HandmadeShop.Api.csproj", "{B811F0FF-3716-4B1B-960B-0E2605026B48}"
EndProject
Project("{FAE04EC0-301F-11D3-BF4B-00C04F79EFBC}") = "HandmadeShop.Gateway", "src\Presentation\Gateways\HandmadeShop.Gateway\HandmadeShop.Gateway.csproj", "{73459E03-8936-42AB-888C-0188C4914457}"
EndProject
Project("{FAE04EC0-301F-11D3-BF4B-00C04F79EFBC}") = "HandmadeShop.Identity", "src\Presentation\Identity\HandmadeShop.Identity\HandmadeShop.Identity.csproj", "{97370645-2824-434F-9FD4-699C209E841B}"
EndProject
Project("{FAE04EC0-301F-11D3-BF4B-00C04F79EFBC}") = "HandmadeShop.Worker", "src\Presentation\Worker\HandmadeShop.Worker\HandmadeShop.Worker.csproj", "{E4C619DF-D9FE-4360-B876-129B98F5B088}"
EndProject
Project("{FAE04EC0-301F-11D3-BF4B-00C04F79EFBC}") = "HandmadeShop.Web", "src\Presentation\Web\HandmadeShop.Web\HandmadeShop.Web.csproj", "{961959AB-7A84-4AC9-B972-845DA0D9697F}"
EndProject
Global
	GlobalSection(SolutionConfigurationPlatforms) = preSolution
		Debug|Any CPU = Debug|Any CPU
		Release|Any CPU = Release|Any CPU
	EndGlobalSection
	GlobalSection(NestedProjects) = preSolution
		{9D2895A3-20FE-4ADE-8412-E0BB5002C376} = {801F3E9A-19D8-4AD8-8DEF-1F25803F7645}
		{C9952364-11EB-48D7-B130-6DAAD2EBD881} = {801F3E9A-19D8-4AD8-8DEF-1F25803F7645}
		{D3E9D04F-E6E0-42C6-AA76-896C469D3243} = {801F3E9A-19D8-4AD8-8DEF-1F25803F7645}
		{5DC9B326-6947-4EA0-88D2-C283A825A0DF} = {801F3E9A-19D8-4AD8-8DEF-1F25803F7645}
		{A2419397-B1AB-4F42-9727-A95A519C777A} = {801F3E9A-19D8-4AD8-8DEF-1F25803F7645}
		{BC4D3946-651E-44AA-98B3-83E15916F5EC} = {5DC9B326-6947-4EA0-88D2-C283A825A0DF}
		{D14DF42E-C57F-4319-A57B-4E8B67166269} = {5DC9B326-6947-4EA0-88D2-C283A825A0DF}
		{9350567B-2450-4B4C-BD96-0EB2790538AD} = {5DC9B326-6947-4EA0-88D2-C283A825A0DF}
		{CB2AFEA5-0A7B-49F8-B042-D7AF3C0A4002} = {5DC9B326-6947-4EA0-88D2-C283A825A0DF}
		{30EB7188-3F30-4145-9AC4-67C8DB258298} = {5DC9B326-6947-4EA0-88D2-C283A825A0DF}
		{C3300D64-2FFA-430D-BD23-DC3459E625AE} = {801F3E9A-19D8-4AD8-8DEF-1F25803F7645}
		{B811F0FF-3716-4B1B-960B-0E2605026B48} = {9350567B-2450-4B4C-BD96-0EB2790538AD}
		{73459E03-8936-42AB-888C-0188C4914457} = {D14DF42E-C57F-4319-A57B-4E8B67166269}
		{97370645-2824-434F-9FD4-699C209E841B} = {CB2AFEA5-0A7B-49F8-B042-D7AF3C0A4002}
		{E4C619DF-D9FE-4360-B876-129B98F5B088} = {30EB7188-3F30-4145-9AC4-67C8DB258298}
		{961959AB-7A84-4AC9-B972-845DA0D9697F} = {BC4D3946-651E-44AA-98B3-83E15916F5EC}
	EndGlobalSection
	GlobalSection(ProjectConfigurationPlatforms) = postSolution
		{B811F0FF-3716-4B1B-960B-0E2605026B48}.Debug|Any CPU.ActiveCfg = Debug|Any CPU
		{B811F0FF-3716-4B1B-960B-0E2605026B48}.Debug|Any CPU.Build.0 = Debug|Any CPU
		{B811F0FF-3716-4B1B-960B-0E2605026B48}.Release|Any CPU.ActiveCfg = Release|Any CPU
		{B811F0FF-3716-4B1B-960B-0E2605026B48}.Release|Any CPU.Build.0 = Release|Any CPU
		{73459E03-8936-42AB-888C-0188C4914457}.Debug|Any CPU.ActiveCfg = Debug|Any CPU
		{73459E03-8936-42AB-888C-0188C4914457}.Debug|Any CPU.Build.0 = Debug|Any CPU
		{73459E03-8936-42AB-888C-0188C4914457}.Release|Any CPU.ActiveCfg = Release|Any CPU
		{73459E03-8936-42AB-888C-0188C4914457}.Release|Any CPU.Build.0 = Release|Any CPU
		{97370645-2824-434F-9FD4-699C209E841B}.Debug|Any CPU.ActiveCfg = Debug|Any CPU
		{97370645-2824-434F-9FD4-699C209E841B}.Debug|Any CPU.Build.0 = Debug|Any CPU
		{97370645-2824-434F-9FD4-699C209E841B}.Release|Any CPU.ActiveCfg = Release|Any CPU
		{97370645-2824-434F-9FD4-699C209E841B}.Release|Any CPU.Build.0 = Release|Any CPU
		{E4C619DF-D9FE-4360-B876-129B98F5B088}.Debug|Any CPU.ActiveCfg = Debug|Any CPU
		{E4C619DF-D9FE-4360-B876-129B98F5B088}.Debug|Any CPU.Build.0 = Debug|Any CPU
		{E4C619DF-D9FE-4360-B876-129B98F5B088}.Release|Any CPU.ActiveCfg = Release|Any CPU
		{E4C619DF-D9FE-4360-B876-129B98F5B088}.Release|Any CPU.Build.0 = Release|Any CPU
		{961959AB-7A84-4AC9-B972-845DA0D9697F}.Debug|Any CPU.ActiveCfg = Debug|Any CPU
		{961959AB-7A84-4AC9-B972-845DA0D9697F}.Debug|Any CPU.Build.0 = Debug|Any CPU
		{961959AB-7A84-4AC9-B972-845DA0D9697F}.Release|Any CPU.ActiveCfg = Release|Any CPU
		{961959AB-7A84-4AC9-B972-845DA0D9697F}.Release|Any CPU.Build.0 = Release|Any CPU
	EndGlobalSection
EndGlobal
